
Microsoft Visual Studio Solution File, Format Version 12.00
# Visual Studio 15
VisualStudioVersion = 15.0.28307.902
MinimumVisualStudioVersion = 10.0.40219.1
Project("{FAE04EC0-301F-11D3-BF4B-00C04F79EFBC}") = "SalesTransactionDemo", "SalesTransactionDemo\SalesTransactionDemo.csproj", "{5ADE4034-79AB-4223-8F05-1F1848A6DC80}"
EndProject
Global
	GlobalSection(SolutionConfigurationPlatforms) = preSolution
		Debug|Any CPU = Debug|Any CPU
		Release|Any CPU = Release|Any CPU
	EndGlobalSection
	GlobalSection(ProjectConfigurationPlatforms) = postSolution
		{5ADE4034-79AB-4223-8F05-1F1848A6DC80}.Debug|Any CPU.ActiveCfg = Debug|Any CPU
		{5ADE4034-79AB-4223-8F05-1F1848A6DC80}.Debug|Any CPU.Build.0 = Debug|Any CPU
		{5ADE4034-79AB-4223-8F05-1F1848A6DC80}.Release|Any CPU.ActiveCfg = Release|Any CPU
		{5ADE4034-79AB-4223-8F05-1F1848A6DC80}.Release|Any CPU.Build.0 = Release|Any CPU
	EndGlobalSection
	GlobalSection(SolutionProperties) = preSolution
		HideSolutionNode = FALSE
	EndGlobalSection
	GlobalSection(ExtensibilityGlobals) = postSolution
		SolutionGuid = {5E0D94DA-E75F-44B2-88B9-CBEA9D5C7329}
	EndGlobalSection
EndGlobal
