
Microsoft Visual Studio Solution File, Format Version 12.00
# Visual Studio 15
VisualStudioVersion = 15.0.28307.902
MinimumVisualStudioVersion = 10.0.40219.1
Project("{FAE04EC0-301F-11D3-BF4B-00C04F79EFBC}") = "Json_treinando", "Json_treinando\Json_treinando.csproj", "{3BA1D9A7-CB74-4E08-A588-C6AD376B4CF4}"
EndProject
Global
	GlobalSection(SolutionConfigurationPlatforms) = preSolution
		Debug|Any CPU = Debug|Any CPU
		Release|Any CPU = Release|Any CPU
	EndGlobalSection
	GlobalSection(ProjectConfigurationPlatforms) = postSolution
		{3BA1D9A7-CB74-4E08-A588-C6AD376B4CF4}.Debug|Any CPU.ActiveCfg = Debug|Any CPU
		{3BA1D9A7-CB74-4E08-A588-C6AD376B4CF4}.Debug|Any CPU.Build.0 = Debug|Any CPU
		{3BA1D9A7-CB74-4E08-A588-C6AD376B4CF4}.Release|Any CPU.ActiveCfg = Release|Any CPU
		{3BA1D9A7-CB74-4E08-A588-C6AD376B4CF4}.Release|Any CPU.Build.0 = Release|Any CPU
	EndGlobalSection
	GlobalSection(SolutionProperties) = preSolution
		HideSolutionNode = FALSE
	EndGlobalSection
	GlobalSection(ExtensibilityGlobals) = postSolution
		SolutionGuid = {DD497B36-3742-432E-9A6A-CD4CB56B90EC}
	EndGlobalSection
EndGlobal
